
Microsoft Visual Studio Solution File, Format Version 12.00
# Visual Studio 2012
Project("{FAE04EC0-301F-11D3-BF4B-00C04F79EFBC}") = "Beetle.Redis", "Beetle.Redis\Beetle.Redis.csproj", "{FBA6B322-DEF8-4819-BC0D-F98FD9273196}"
EndProject
Project("{FAE04EC0-301F-11D3-BF4B-00C04F79EFBC}") = "CN100.Redis.Client", "CN100.Redis.Client\CN100.Redis.Client.csproj", "{681245DB-F96F-4125-B9D9-B86A89548E5A}"
EndProject
Global
	GlobalSection(SolutionConfigurationPlatforms) = preSolution
		Debug|Any CPU = Debug|Any CPU
		Release|Any CPU = Release|Any CPU
	EndGlobalSection
	GlobalSection(ProjectConfigurationPlatforms) = postSolution
		{FBA6B322-DEF8-4819-BC0D-F98FD9273196}.Debug|Any CPU.ActiveCfg = Debug|Any CPU
		{FBA6B322-DEF8-4819-BC0D-F98FD9273196}.Debug|Any CPU.Build.0 = Debug|Any CPU
		{FBA6B322-DEF8-4819-BC0D-F98FD9273196}.Release|Any CPU.ActiveCfg = Release|Any CPU
		{FBA6B322-DEF8-4819-BC0D-F98FD9273196}.Release|Any CPU.Build.0 = Release|Any CPU
		{681245DB-F96F-4125-B9D9-B86A89548E5A}.Debug|Any CPU.ActiveCfg = Debug|Any CPU
		{681245DB-F96F-4125-B9D9-B86A89548E5A}.Debug|Any CPU.Build.0 = Debug|Any CPU
		{681245DB-F96F-4125-B9D9-B86A89548E5A}.Release|Any CPU.ActiveCfg = Release|Any CPU
		{681245DB-F96F-4125-B9D9-B86A89548E5A}.Release|Any CPU.Build.0 = Release|Any CPU
	EndGlobalSection
	GlobalSection(SolutionProperties) = preSolution
		HideSolutionNode = FALSE
	EndGlobalSection
EndGlobal
