
Microsoft Visual Studio Solution File, Format Version 11.00
# Visual Studio 2010
Project("{FAE04EC0-301F-11D3-BF4B-00C04F79EFBC}") = "CN100.EnterprisePlatform.Configuration", "CN100.EnterprisePlatform.Configuration.Designer\CN100.EnterprisePlatform.Configuration.csproj", "{03DB2CA6-0C61-46F3-AD8B-C7D0B0B19A26}"
EndProject
Project("{FAE04EC0-301F-11D3-BF4B-00C04F79EFBC}") = "ConsoleApplication1", "ConsoleApplication1\ConsoleApplication1.csproj", "{F6B02912-8953-4C75-AF69-4AF073274A87}"
EndProject
Project("{FAE04EC0-301F-11D3-BF4B-00C04F79EFBC}") = "CN100.EnterprisePlatform.Wcf.Core", "..\CN100.EnterprisePlatform.Wcf.Sample\CN100.EnterprisePlatform.Wcf.Core\CN100.EnterprisePlatform.Wcf.Core\CN100.EnterprisePlatform.Wcf.Core.csproj", "{11A43D0C-8278-42D4-8415-5C3F92D334DB}"
EndProject
Project("{FAE04EC0-301F-11D3-BF4B-00C04F79EFBC}") = "WebApplication", "WebApplication\WebApplication.csproj", "{EE41E4CD-B43F-4BEC-8540-B5F5C46E6E24}"
EndProject
Global
	GlobalSection(SolutionConfigurationPlatforms) = preSolution
		Debug|Any CPU = Debug|Any CPU
		Debug|Mixed Platforms = Debug|Mixed Platforms
		Debug|x86 = Debug|x86
		Release|Any CPU = Release|Any CPU
		Release|Mixed Platforms = Release|Mixed Platforms
		Release|x86 = Release|x86
	EndGlobalSection
	GlobalSection(ProjectConfigurationPlatforms) = postSolution
		{03DB2CA6-0C61-46F3-AD8B-C7D0B0B19A26}.Debug|Any CPU.ActiveCfg = Debug|Any CPU
		{03DB2CA6-0C61-46F3-AD8B-C7D0B0B19A26}.Debug|Any CPU.Build.0 = Debug|Any CPU
		{03DB2CA6-0C61-46F3-AD8B-C7D0B0B19A26}.Debug|Mixed Platforms.ActiveCfg = Debug|Any CPU
		{03DB2CA6-0C61-46F3-AD8B-C7D0B0B19A26}.Debug|Mixed Platforms.Build.0 = Debug|Any CPU
		{03DB2CA6-0C61-46F3-AD8B-C7D0B0B19A26}.Debug|x86.ActiveCfg = Debug|Any CPU
		{03DB2CA6-0C61-46F3-AD8B-C7D0B0B19A26}.Release|Any CPU.ActiveCfg = Release|Any CPU
		{03DB2CA6-0C61-46F3-AD8B-C7D0B0B19A26}.Release|Any CPU.Build.0 = Release|Any CPU
		{03DB2CA6-0C61-46F3-AD8B-C7D0B0B19A26}.Release|Mixed Platforms.ActiveCfg = Release|Any CPU
		{03DB2CA6-0C61-46F3-AD8B-C7D0B0B19A26}.Release|Mixed Platforms.Build.0 = Release|Any CPU
		{03DB2CA6-0C61-46F3-AD8B-C7D0B0B19A26}.Release|x86.ActiveCfg = Release|Any CPU
		{F6B02912-8953-4C75-AF69-4AF073274A87}.Debug|Any CPU.ActiveCfg = Debug|x86
		{F6B02912-8953-4C75-AF69-4AF073274A87}.Debug|Mixed Platforms.ActiveCfg = Debug|x86
		{F6B02912-8953-4C75-AF69-4AF073274A87}.Debug|Mixed Platforms.Build.0 = Debug|x86
		{F6B02912-8953-4C75-AF69-4AF073274A87}.Debug|x86.ActiveCfg = Debug|x86
		{F6B02912-8953-4C75-AF69-4AF073274A87}.Debug|x86.Build.0 = Debug|x86
		{F6B02912-8953-4C75-AF69-4AF073274A87}.Release|Any CPU.ActiveCfg = Release|x86
		{F6B02912-8953-4C75-AF69-4AF073274A87}.Release|Mixed Platforms.ActiveCfg = Release|x86
		{F6B02912-8953-4C75-AF69-4AF073274A87}.Release|Mixed Platforms.Build.0 = Release|x86
		{F6B02912-8953-4C75-AF69-4AF073274A87}.Release|x86.ActiveCfg = Release|x86
		{F6B02912-8953-4C75-AF69-4AF073274A87}.Release|x86.Build.0 = Release|x86
		{11A43D0C-8278-42D4-8415-5C3F92D334DB}.Debug|Any CPU.ActiveCfg = Debug|Any CPU
		{11A43D0C-8278-42D4-8415-5C3F92D334DB}.Debug|Any CPU.Build.0 = Debug|Any CPU
		{11A43D0C-8278-42D4-8415-5C3F92D334DB}.Debug|Mixed Platforms.ActiveCfg = Debug|Any CPU
		{11A43D0C-8278-42D4-8415-5C3F92D334DB}.Debug|Mixed Platforms.Build.0 = Debug|Any CPU
		{11A43D0C-8278-42D4-8415-5C3F92D334DB}.Debug|x86.ActiveCfg = Debug|Any CPU
		{11A43D0C-8278-42D4-8415-5C3F92D334DB}.Release|Any CPU.ActiveCfg = Release|Any CPU
		{11A43D0C-8278-42D4-8415-5C3F92D334DB}.Release|Any CPU.Build.0 = Release|Any CPU
		{11A43D0C-8278-42D4-8415-5C3F92D334DB}.Release|Mixed Platforms.ActiveCfg = Release|Any CPU
		{11A43D0C-8278-42D4-8415-5C3F92D334DB}.Release|Mixed Platforms.Build.0 = Release|Any CPU
		{11A43D0C-8278-42D4-8415-5C3F92D334DB}.Release|x86.ActiveCfg = Release|Any CPU
		{EE41E4CD-B43F-4BEC-8540-B5F5C46E6E24}.Debug|Any CPU.ActiveCfg = Debug|Any CPU
		{EE41E4CD-B43F-4BEC-8540-B5F5C46E6E24}.Debug|Any CPU.Build.0 = Debug|Any CPU
		{EE41E4CD-B43F-4BEC-8540-B5F5C46E6E24}.Debug|Mixed Platforms.ActiveCfg = Debug|Any CPU
		{EE41E4CD-B43F-4BEC-8540-B5F5C46E6E24}.Debug|Mixed Platforms.Build.0 = Debug|Any CPU
		{EE41E4CD-B43F-4BEC-8540-B5F5C46E6E24}.Debug|x86.ActiveCfg = Debug|Any CPU
		{EE41E4CD-B43F-4BEC-8540-B5F5C46E6E24}.Release|Any CPU.ActiveCfg = Release|Any CPU
		{EE41E4CD-B43F-4BEC-8540-B5F5C46E6E24}.Release|Any CPU.Build.0 = Release|Any CPU
		{EE41E4CD-B43F-4BEC-8540-B5F5C46E6E24}.Release|Mixed Platforms.ActiveCfg = Release|Any CPU
		{EE41E4CD-B43F-4BEC-8540-B5F5C46E6E24}.Release|Mixed Platforms.Build.0 = Release|Any CPU
		{EE41E4CD-B43F-4BEC-8540-B5F5C46E6E24}.Release|x86.ActiveCfg = Release|Any CPU
	EndGlobalSection
	GlobalSection(SolutionProperties) = preSolution
		HideSolutionNode = FALSE
	EndGlobalSection
EndGlobal
